
Microsoft Visual Studio Solution File, Format Version 12.00
# Visual Studio Version 17
VisualStudioVersion = 17.1.32228.430
MinimumVisualStudioVersion = 10.0.40219.1
Project("{FAE04EC0-301F-11D3-BF4B-00C04F79EFBC}") = "StudentManagementAPI", "StudentManagementAPI.csproj", "{49D07050-5CFE-49EB-8E01-E0CA9DBD32DE}"
EndProject
Global
	GlobalSection(SolutionConfigurationPlatforms) = preSolution
		Debug|Any CPU = Debug|Any CPU
		Release|Any CPU = Release|Any CPU
	EndGlobalSection
	GlobalSection(ProjectConfigurationPlatforms) = postSolution
		{49D07050-5CFE-49EB-8E01-E0CA9DBD32DE}.Debug|Any CPU.ActiveCfg = Debug|Any CPU
		{49D07050-5CFE-49EB-8E01-E0CA9DBD32DE}.Debug|Any CPU.Build.0 = Debug|Any CPU
		{49D07050-5CFE-49EB-8E01-E0CA9DBD32DE}.Release|Any CPU.ActiveCfg = Release|Any CPU
		{49D07050-5CFE-49EB-8E01-E0CA9DBD32DE}.Release|Any CPU.Build.0 = Release|Any CPU
	EndGlobalSection
	GlobalSection(SolutionProperties) = preSolution
		HideSolutionNode = FALSE
	EndGlobalSection
	GlobalSection(ExtensibilityGlobals) = postSolution
		SolutionGuid = {E7E1879F-2F8F-4479-9348-D81AE64F38F1}
	EndGlobalSection
EndGlobal
